// !$*UTF8*$!
{
	archiveVersion = 1;
	classes = {
	};
	objectVersion = 50;
	objects = {

/* Begin PBXBuildFile section */
		C4484E3322F08629004D8C5E /* StateViewController.swift in Sources */ = {isa = PBXBuildFile; fileRef = C4484E3222F08629004D8C5E /* StateViewController.swift */; };
		C4FEA2CE229652CA00DAC0AD /* AppDelegate.swift in Sources */ = {isa = PBXBuildFile; fileRef = C4FEA2CD229652CA00DAC0AD /* AppDelegate.swift */; };
		C4FEA2D3229652CA00DAC0AD /* Main.storyboard in Resources */ = {isa = PBXBuildFile; fileRef = C4FEA2D1229652CA00DAC0AD /* Main.storyboard */; };
		C4FEA2D5229652CC00DAC0AD /* Assets.xcassets in Resources */ = {isa = PBXBuildFile; fileRef = C4FEA2D4229652CC00DAC0AD /* Assets.xcassets */; };
		C4FEA2D8229652CC00DAC0AD /* LaunchScreen.storyboard in Resources */ = {isa = PBXBuildFile; fileRef = C4FEA2D6229652CC00DAC0AD /* LaunchScreen.storyboard */; };
		C4FEA2E22296534200DAC0AD /* MainViewController.swift in Sources */ = {isa = PBXBuildFile; fileRef = C4FEA2E12296534200DAC0AD /* MainViewController.swift */; };
		C4FEA2E422980AA200DAC0AD /* CustomTableViewCell.swift in Sources */ = {isa = PBXBuildFile; fileRef = C4FEA2E322980AA200DAC0AD /* CustomTableViewCell.swift */; };
		C4FEA2E62298300200DAC0AD /* OrderModel.swift in Sources */ = {isa = PBXBuildFile; fileRef = C4FEA2E52298300200DAC0AD /* OrderModel.swift */; };
		C4FEA2EB229843FB00DAC0AD /* NewOrderTableViewController.swift in Sources */ = {isa = PBXBuildFile; fileRef = C4FEA2EA229843FB00DAC0AD /* NewOrderTableViewController.swift */; };
		C4FEA2ED2298F8EB00DAC0AD /* StorageMeneger.swift in Sources */ = {isa = PBXBuildFile; fileRef = C4FEA2EC2298F8EB00DAC0AD /* StorageMeneger.swift */; };
/* End PBXBuildFile section */

/* Begin PBXFileReference section */
		3BF41881576F3C84EBF7F373 /* Pods-AppTableViewLearn.debug.xcconfig */ = {isa = PBXFileReference; includeInIndex = 1; lastKnownFileType = text.xcconfig; name = "Pods-AppTableViewLearn.debug.xcconfig"; path = "Target Support Files/Pods-AppTableViewLearn/Pods-AppTableViewLearn.debug.xcconfig"; sourceTree = "<group>"; };
		B2C98A230661A1C657905AE4 /* Pods-AppTableViewLearn.release.xcconfig */ = {isa = PBXFileReference; includeInIndex = 1; lastKnownFileType = text.xcconfig; name = "Pods-AppTableViewLearn.release.xcconfig"; path = "Target Support Files/Pods-AppTableViewLearn/Pods-AppTableViewLearn.release.xcconfig"; sourceTree = "<group>"; };
		C4484E3222F08629004D8C5E /* StateViewController.swift */ = {isa = PBXFileReference; lastKnownFileType = sourcecode.swift; path = StateViewController.swift; sourceTree = "<group>"; };
		C4FEA2CA229652CA00DAC0AD /* AppTableViewLearn.app */ = {isa = PBXFileReference; explicitFileType = wrapper.application; includeInIndex = 0; path = AppTableViewLearn.app; sourceTree = BUILT_PRODUCTS_DIR; };
		C4FEA2CD229652CA00DAC0AD /* AppDelegate.swift */ = {isa = PBXFileReference; lastKnownFileType = sourcecode.swift; path = AppDelegate.swift; sourceTree = "<group>"; };
		C4FEA2D2229652CA00DAC0AD /* Base */ = {isa = PBXFileReference; lastKnownFileType = file.storyboard; name = Base; path = Base.lproj/Main.storyboard; sourceTree = "<group>"; };
		C4FEA2D4229652CC00DAC0AD /* Assets.xcassets */ = {isa = PBXFileReference; lastKnownFileType = folder.assetcatalog; path = Assets.xcassets; sourceTree = "<group>"; };
		C4FEA2D7229652CC00DAC0AD /* Base */ = {isa = PBXFileReference; lastKnownFileType = file.storyboard; name = Base; path = Base.lproj/LaunchScreen.storyboard; sourceTree = "<group>"; };
		C4FEA2D9229652CC00DAC0AD /* Info.plist */ = {isa = PBXFileReference; lastKnownFileType = text.plist.xml; path = Info.plist; sourceTree = "<group>"; };
		C4FEA2E12296534200DAC0AD /* MainViewController.swift */ = {isa = PBXFileReference; lastKnownFileType = sourcecode.swift; path = MainViewController.swift; sourceTree = "<group>"; };
		C4FEA2E322980AA200DAC0AD /* CustomTableViewCell.swift */ = {isa = PBXFileReference; lastKnownFileType = sourcecode.swift; path = CustomTableViewCell.swift; sourceTree = "<group>"; };
		C4FEA2E52298300200DAC0AD /* OrderModel.swift */ = {isa = PBXFileReference; lastKnownFileType = sourcecode.swift; path = OrderModel.swift; sourceTree = "<group>"; };
		C4FEA2EA229843FB00DAC0AD /* NewOrderTableViewController.swift */ = {isa = PBXFileReference; lastKnownFileType = sourcecode.swift; path = NewOrderTableViewController.swift; sourceTree = "<group>"; };
		C4FEA2EC2298F8EB00DAC0AD /* StorageMeneger.swift */ = {isa = PBXFileReference; lastKnownFileType = sourcecode.swift; path = StorageMeneger.swift; sourceTree = "<group>"; };
		CF2F1BE3D9F1DBEE8F40CFA2 /* Pods_AppTableViewLearn.framework */ = {isa = PBXFileReference; explicitFileType = wrapper.framework; includeInIndex = 0; path = Pods_AppTableViewLearn.framework; sourceTree = BUILT_PRODUCTS_DIR; };
/* End PBXFileReference section */

/* Begin PBXFrameworksBuildPhase section */
		C4FEA2C7229652CA00DAC0AD /* Frameworks */ = {
			isa = PBXFrameworksBuildPhase;
			buildActionMask = 2147483647;
			files = (
			);
			runOnlyForDeploymentPostprocessing = 0;
		};
/* End PBXFrameworksBuildPhase section */

/* Begin PBXGroup section */
		287E39488966FC194D0175DD /* Pods */ = {
			isa = PBXGroup;
			children = (
				3BF41881576F3C84EBF7F373 /* Pods-AppTableViewLearn.debug.xcconfig */,
				B2C98A230661A1C657905AE4 /* Pods-AppTableViewLearn.release.xcconfig */,
			);
			path = Pods;
			sourceTree = "<group>";
		};
		9AF2DEBD79CCC36BA2235126 /* Frameworks */ = {
			isa = PBXGroup;
			children = (
				CF2F1BE3D9F1DBEE8F40CFA2 /* Pods_AppTableViewLearn.framework */,
			);
			name = Frameworks;
			sourceTree = "<group>";
		};
		C4484E3022F085FD004D8C5E /* Orders */ = {
			isa = PBXGroup;
			children = (
				C4FEA2E12296534200DAC0AD /* MainViewController.swift */,
				C4FEA2EA229843FB00DAC0AD /* NewOrderTableViewController.swift */,
			);
			path = Orders;
			sourceTree = "<group>";
		};
		C4484E3122F08607004D8C5E /* State */ = {
			isa = PBXGroup;
			children = (
				C4484E3222F08629004D8C5E /* StateViewController.swift */,
			);
			path = State;
			sourceTree = "<group>";
		};
		C4FEA2C1229652CA00DAC0AD = {
			isa = PBXGroup;
			children = (
				C4FEA2CC229652CA00DAC0AD /* AppTableViewLearn */,
				C4FEA2CB229652CA00DAC0AD /* Products */,
				287E39488966FC194D0175DD /* Pods */,
				9AF2DEBD79CCC36BA2235126 /* Frameworks */,
			);
			sourceTree = "<group>";
		};
		C4FEA2CB229652CA00DAC0AD /* Products */ = {
			isa = PBXGroup;
			children = (
				C4FEA2CA229652CA00DAC0AD /* AppTableViewLearn.app */,
			);
			name = Products;
			sourceTree = "<group>";
		};
		C4FEA2CC229652CA00DAC0AD /* AppTableViewLearn */ = {
			isa = PBXGroup;
			children = (
				C4FEA2CD229652CA00DAC0AD /* AppDelegate.swift */,
				C4FEA2E9229843DE00DAC0AD /* ViewControllers */,
				C4FEA2E7229839F200DAC0AD /* Model */,
				C4FEA2E8229839FE00DAC0AD /* Custom cell */,
				C4FEA2D1229652CA00DAC0AD /* Main.storyboard */,
				C4FEA2D4229652CC00DAC0AD /* Assets.xcassets */,
				C4FEA2D6229652CC00DAC0AD /* LaunchScreen.storyboard */,
				C4FEA2D9229652CC00DAC0AD /* Info.plist */,
			);
			path = AppTableViewLearn;
			sourceTree = "<group>";
		};
		C4FEA2E7229839F200DAC0AD /* Model */ = {
			isa = PBXGroup;
			children = (
				C4FEA2E52298300200DAC0AD /* OrderModel.swift */,
				C4FEA2EC2298F8EB00DAC0AD /* StorageMeneger.swift */,
			);
			path = Model;
			sourceTree = "<group>";
		};
		C4FEA2E8229839FE00DAC0AD /* Custom cell */ = {
			isa = PBXGroup;
			children = (
				C4FEA2E322980AA200DAC0AD /* CustomTableViewCell.swift */,
			);
			path = "Custom cell";
			sourceTree = "<group>";
		};
		C4FEA2E9229843DE00DAC0AD /* ViewControllers */ = {
			isa = PBXGroup;
			children = (
				C4484E3122F08607004D8C5E /* State */,
				C4484E3022F085FD004D8C5E /* Orders */,
			);
			path = ViewControllers;
			sourceTree = "<group>";
		};
/* End PBXGroup section */

/* Begin PBXNativeTarget section */
		C4FEA2C9229652CA00DAC0AD /* AppTableViewLearn */ = {
			isa = PBXNativeTarget;
			buildConfigurationList = C4FEA2DC229652CC00DAC0AD /* Build configuration list for PBXNativeTarget "AppTableViewLearn" */;
			buildPhases = (
				51C5EDCD190DC71736677E21 /* [CP] Check Pods Manifest.lock */,
				C4FEA2C6229652CA00DAC0AD /* Sources */,
				C4FEA2C7229652CA00DAC0AD /* Frameworks */,
				C4FEA2C8229652CA00DAC0AD /* Resources */,
				45BA27DE04C589E4437DDDCD /* [CP] Embed Pods Frameworks */,
			);
			buildRules = (
			);
			dependencies = (
			);
			name = AppTableViewLearn;
			productName = AppTableViewLearn;
			productReference = C4FEA2CA229652CA00DAC0AD /* AppTableViewLearn.app */;
			productType = "com.apple.product-type.application";
		};
/* End PBXNativeTarget section */

/* Begin PBXProject section */
		C4FEA2C2229652CA00DAC0AD /* Project object */ = {
			isa = PBXProject;
			attributes = {
				LastSwiftUpdateCheck = 1020;
				LastUpgradeCheck = 1020;
				ORGANIZATIONNAME = "Иван Изюмкин";
				TargetAttributes = {
					C4FEA2C9229652CA00DAC0AD = {
						CreatedOnToolsVersion = 10.2.1;
						SystemCapabilities = {
							com.apple.ApplicationGroups.iOS = {
								enabled = 0;
							};
						};
					};
				};
			};
			buildConfigurationList = C4FEA2C5229652CA00DAC0AD /* Build configuration list for PBXProject "AppTableViewLearn" */;
			compatibilityVersion = "Xcode 9.3";
			developmentRegion = en;
			hasScannedForEncodings = 0;
			knownRegions = (
				en,
				Base,
			);
			mainGroup = C4FEA2C1229652CA00DAC0AD;
			productRefGroup = C4FEA2CB229652CA00DAC0AD /* Products */;
			projectDirPath = "";
			projectRoot = "";
			targets = (
				C4FEA2C9229652CA00DAC0AD /* AppTableViewLearn */,
			);
		};
/* End PBXProject section */

/* Begin PBXResourcesBuildPhase section */
		C4FEA2C8229652CA00DAC0AD /* Resources */ = {
			isa = PBXResourcesBuildPhase;
			buildActionMask = 2147483647;
			files = (
				C4FEA2D8229652CC00DAC0AD /* LaunchScreen.storyboard in Resources */,
				C4FEA2D5229652CC00DAC0AD /* Assets.xcassets in Resources */,
				C4FEA2D3229652CA00DAC0AD /* Main.storyboard in Resources */,
			);
			runOnlyForDeploymentPostprocessing = 0;
		};
/* End PBXResourcesBuildPhase section */

/* Begin PBXShellScriptBuildPhase section */
		45BA27DE04C589E4437DDDCD /* [CP] Embed Pods Frameworks */ = {
			isa = PBXShellScriptBuildPhase;
			buildActionMask = 2147483647;
			files = (
			);
			inputFileListPaths = (
			);
			inputPaths = (
				"${PODS_ROOT}/Target Support Files/Pods-AppTableViewLearn/Pods-AppTableViewLearn-frameworks.sh",
				"${BUILT_PRODUCTS_DIR}/Realm/Realm.framework",
				"${BUILT_PRODUCTS_DIR}/RealmSwift/RealmSwift.framework",
			);
			name = "[CP] Embed Pods Frameworks";
			outputFileListPaths = (
			);
			outputPaths = (
				"${TARGET_BUILD_DIR}/${FRAMEWORKS_FOLDER_PATH}/Realm.framework",
				"${TARGET_BUILD_DIR}/${FRAMEWORKS_FOLDER_PATH}/RealmSwift.framework",
			);
			runOnlyForDeploymentPostprocessing = 0;
			shellPath = /bin/sh;
			shellScript = "\"${PODS_ROOT}/Target Support Files/Pods-AppTableViewLearn/Pods-AppTableViewLearn-frameworks.sh\"\n";
			showEnvVarsInLog = 0;
		};
		51C5EDCD190DC71736677E21 /* [CP] Check Pods Manifest.lock */ = {
			isa = PBXShellScriptBuildPhase;
			buildActionMask = 2147483647;
			files = (
			);
			inputFileListPaths = (
			);
			inputPaths = (
				"${PODS_PODFILE_DIR_PATH}/Podfile.lock",
				"${PODS_ROOT}/Manifest.lock",
			);
			name = "[CP] Check Pods Manifest.lock";
			outputFileListPaths = (
			);
			outputPaths = (
				"$(DERIVED_FILE_DIR)/Pods-AppTableViewLearn-checkManifestLockResult.txt",
			);
			runOnlyForDeploymentPostprocessing = 0;
			shellPath = /bin/sh;
			shellScript = "diff \"${PODS_PODFILE_DIR_PATH}/Podfile.lock\" \"${PODS_ROOT}/Manifest.lock\" > /dev/null\nif [ $? != 0 ] ; then\n    # print error to STDERR\n    echo \"error: The sandbox is not in sync with the Podfile.lock. Run 'pod install' or update your CocoaPods installation.\" >&2\n    exit 1\nfi\n# This output is used by Xcode 'outputs' to avoid re-running this script phase.\necho \"SUCCESS\" > \"${SCRIPT_OUTPUT_FILE_0}\"\n";
			showEnvVarsInLog = 0;
		};
/* End PBXShellScriptBuildPhase section */

/* Begin PBXSourcesBuildPhase section */
		C4FEA2C6229652CA00DAC0AD /* Sources */ = {
			isa = PBXSourcesBuildPhase;
			buildActionMask = 2147483647;
			files = (
				C4FEA2E422980AA200DAC0AD /* CustomTableViewCell.swift in Sources */,
				C4FEA2E62298300200DAC0AD /* OrderModel.swift in Sources */,
				C4FEA2CE229652CA00DAC0AD /* AppDelegate.swift in Sources */,
				C4FEA2E22296534200DAC0AD /* MainViewController.swift in Sources */,
				C4484E3322F08629004D8C5E /* StateViewController.swift in Sources */,
				C4FEA2EB229843FB00DAC0AD /* NewOrderTableViewController.swift in Sources */,
				C4FEA2ED2298F8EB00DAC0AD /* StorageMeneger.swift in Sources */,
			);
			runOnlyForDeploymentPostprocessing = 0;
		};
/* End PBXSourcesBuildPhase section */

/* Begin PBXVariantGroup section */
		C4FEA2D1229652CA00DAC0AD /* Main.storyboard */ = {
			isa = PBXVariantGroup;
			children = (
				C4FEA2D2229652CA00DAC0AD /* Base */,
			);
			name = Main.storyboard;
			sourceTree = "<group>";
		};
		C4FEA2D6229652CC00DAC0AD /* LaunchScreen.storyboard */ = {
			isa = PBXVariantGroup;
			children = (
				C4FEA2D7229652CC00DAC0AD /* Base */,
			);
			name = LaunchScreen.storyboard;
			sourceTree = "<group>";
		};
/* End PBXVariantGroup section */

/* Begin XCBuildConfiguration section */
		C4FEA2DA229652CC00DAC0AD /* Debug */ = {
			isa = XCBuildConfiguration;
			buildSettings = {
				ALWAYS_SEARCH_USER_PATHS = NO;
				CLANG_ANALYZER_NONNULL = YES;
				CLANG_ANALYZER_NUMBER_OBJECT_CONVERSION = YES_AGGRESSIVE;
				CLANG_CXX_LANGUAGE_STANDARD = "gnu++14";
				CLANG_CXX_LIBRARY = "libc++";
				CLANG_ENABLE_MODULES = YES;
				CLANG_ENABLE_OBJC_ARC = YES;
				CLANG_ENABLE_OBJC_WEAK = YES;
				CLANG_WARN_BLOCK_CAPTURE_AUTORELEASING = YES;
				CLANG_WARN_BOOL_CONVERSION = YES;
				CLANG_WARN_COMMA = YES;
				CLANG_WARN_CONSTANT_CONVERSION = YES;
				CLANG_WARN_DEPRECATED_OBJC_IMPLEMENTATIONS = YES;
				CLANG_WARN_DIRECT_OBJC_ISA_USAGE = YES_ERROR;
				CLANG_WARN_DOCUMENTATION_COMMENTS = YES;
				CLANG_WARN_EMPTY_BODY = YES;
				CLANG_WARN_ENUM_CONVERSION = YES;
				CLANG_WARN_INFINITE_RECURSION = YES;
				CLANG_WARN_INT_CONVERSION = YES;
				CLANG_WARN_NON_LITERAL_NULL_CONVERSION = YES;
				CLANG_WARN_OBJC_IMPLICIT_RETAIN_SELF = YES;
				CLANG_WARN_OBJC_LITERAL_CONVERSION = YES;
				CLANG_WARN_OBJC_ROOT_CLASS = YES_ERROR;
				CLANG_WARN_RANGE_LOOP_ANALYSIS = YES;
				CLANG_WARN_STRICT_PROTOTYPES = YES;
				CLANG_WARN_SUSPICIOUS_MOVE = YES;
				CLANG_WARN_UNGUARDED_AVAILABILITY = YES_AGGRESSIVE;
				CLANG_WARN_UNREACHABLE_CODE = YES;
				CLANG_WARN__DUPLICATE_METHOD_MATCH = YES;
				CODE_SIGN_IDENTITY = "iPhone Developer";
				COPY_PHASE_STRIP = NO;
				DEBUG_INFORMATION_FORMAT = dwarf;
				ENABLE_STRICT_OBJC_MSGSEND = YES;
				ENABLE_TESTABILITY = YES;
				GCC_C_LANGUAGE_STANDARD = gnu11;
				GCC_DYNAMIC_NO_PIC = NO;
				GCC_NO_COMMON_BLOCKS = YES;
				GCC_OPTIMIZATION_LEVEL = 0;
				GCC_PREPROCESSOR_DEFINITIONS = (
					"DEBUG=1",
					"$(inherited)",
				);
				GCC_WARN_64_TO_32_BIT_CONVERSION = YES;
				GCC_WARN_ABOUT_RETURN_TYPE = YES_ERROR;
				GCC_WARN_UNDECLARED_SELECTOR = YES;
				GCC_WARN_UNINITIALIZED_AUTOS = YES_AGGRESSIVE;
				GCC_WARN_UNUSED_FUNCTION = YES;
				GCC_WARN_UNUSED_VARIABLE = YES;
				IPHONEOS_DEPLOYMENT_TARGET = 12.2;
				MTL_ENABLE_DEBUG_INFO = INCLUDE_SOURCE;
				MTL_FAST_MATH = YES;
				ONLY_ACTIVE_ARCH = YES;
				SDKROOT = iphoneos;
				SWIFT_ACTIVE_COMPILATION_CONDITIONS = DEBUG;
				SWIFT_OPTIMIZATION_LEVEL = "-Onone";
			};
			name = Debug;
		};
		C4FEA2DB229652CC00DAC0AD /* Release */ = {
			isa = XCBuildConfiguration;
			buildSettings = {
				ALWAYS_SEARCH_USER_PATHS = NO;
				CLANG_ANALYZER_NONNULL = YES;
				CLANG_ANALYZER_NUMBER_OBJECT_CONVERSION = YES_AGGRESSIVE;
				CLANG_CXX_LANGUAGE_STANDARD = "gnu++14";
				CLANG_CXX_LIBRARY = "libc++";
				CLANG_ENABLE_MODULES = YES;
				CLANG_ENABLE_OBJC_ARC = YES;
				CLANG_ENABLE_OBJC_WEAK = YES;
				CLANG_WARN_BLOCK_CAPTURE_AUTORELEASING = YES;
				CLANG_WARN_BOOL_CONVERSION = YES;
				CLANG_WARN_COMMA = YES;
				CLANG_WARN_CONSTANT_CONVERSION = YES;
				CLANG_WARN_DEPRECATED_OBJC_IMPLEMENTATIONS = YES;
				CLANG_WARN_DIRECT_OBJC_ISA_USAGE = YES_ERROR;
				CLANG_WARN_DOCUMENTATION_COMMENTS = YES;
				CLANG_WARN_EMPTY_BODY = YES;
				CLANG_WARN_ENUM_CONVERSION = YES;
				CLANG_WARN_INFINITE_RECURSION = YES;
				CLANG_WARN_INT_CONVERSION = YES;
				CLANG_WARN_NON_LITERAL_NULL_CONVERSION = YES;
				CLANG_WARN_OBJC_IMPLICIT_RETAIN_SELF = YES;
				CLANG_WARN_OBJC_LITERAL_CONVERSION = YES;
				CLANG_WARN_OBJC_ROOT_CLASS = YES_ERROR;
				CLANG_WARN_RANGE_LOOP_ANALYSIS = YES;
				CLANG_WARN_STRICT_PROTOTYPES = YES;
				CLANG_WARN_SUSPICIOUS_MOVE = YES;
				CLANG_WARN_UNGUARDED_AVAILABILITY = YES_AGGRESSIVE;
				CLANG_WARN_UNREACHABLE_CODE = YES;
				CLANG_WARN__DUPLICATE_METHOD_MATCH = YES;
				CODE_SIGN_IDENTITY = "iPhone Developer";
				COPY_PHASE_STRIP = NO;
				DEBUG_INFORMATION_FORMAT = "dwarf-with-dsym";
				ENABLE_NS_ASSERTIONS = NO;
				ENABLE_STRICT_OBJC_MSGSEND = YES;
				GCC_C_LANGUAGE_STANDARD = gnu11;
				GCC_NO_COMMON_BLOCKS = YES;
				GCC_WARN_64_TO_32_BIT_CONVERSION = YES;
				GCC_WARN_ABOUT_RETURN_TYPE = YES_ERROR;
				GCC_WARN_UNDECLARED_SELECTOR = YES;
				GCC_WARN_UNINITIALIZED_AUTOS = YES_AGGRESSIVE;
				GCC_WARN_UNUSED_FUNCTION = YES;
				GCC_WARN_UNUSED_VARIABLE = YES;
				IPHONEOS_DEPLOYMENT_TARGET = 12.2;
				MTL_ENABLE_DEBUG_INFO = NO;
				MTL_FAST_MATH = YES;
				SDKROOT = iphoneos;
				SWIFT_COMPILATION_MODE = wholemodule;
				SWIFT_OPTIMIZATION_LEVEL = "-O";
				VALIDATE_PRODUCT = YES;
			};
			name = Release;
		};
		C4FEA2DD229652CC00DAC0AD /* Debug */ = {
			isa = XCBuildConfiguration;
			baseConfigurationReference = 3BF41881576F3C84EBF7F373 /* Pods-AppTableViewLearn.debug.xcconfig */;
			buildSettings = {
				ASSETCATALOG_COMPILER_APPICON_NAME = AppIcon;
				CODE_SIGN_IDENTITY = "iPhone Developer";
				CODE_SIGN_STYLE = Automatic;
				DEVELOPMENT_TEAM = KP4A68PJ98;
				INFOPLIST_FILE = AppTableViewLearn/Info.plist;
				IPHONEOS_DEPLOYMENT_TARGET = 11.0;
				LD_RUNPATH_SEARCH_PATHS = (
					"$(inherited)",
					"@executable_path/Frameworks",
				);
				PRODUCT_BUNDLE_IDENTIFIER = izzyumkim.AppTableViewLearn;
				PRODUCT_NAME = "$(TARGET_NAME)";
				PROVISIONING_PROFILE_SPECIFIER = "";
				SWIFT_VERSION = 5.0;
				TARGETED_DEVICE_FAMILY = "1,2";
			};
			name = Debug;
		};
		C4FEA2DE229652CC00DAC0AD /* Release */ = {
			isa = XCBuildConfiguration;
			baseConfigurationReference = B2C98A230661A1C657905AE4 /* Pods-AppTableViewLearn.release.xcconfig */;
			buildSettings = {
				ASSETCATALOG_COMPILER_APPICON_NAME = AppIcon;
				CODE_SIGN_IDENTITY = "iPhone Developer";
				CODE_SIGN_STYLE = Automatic;
				DEVELOPMENT_TEAM = KP4A68PJ98;
				INFOPLIST_FILE = AppTableViewLearn/Info.plist;
				IPHONEOS_DEPLOYMENT_TARGET = 11.0;
				LD_RUNPATH_SEARCH_PATHS = (
					"$(inherited)",
					"@executable_path/Frameworks",
				);
				PRODUCT_BUNDLE_IDENTIFIER = izzyumkim.AppTableViewLearn;
				PRODUCT_NAME = "$(TARGET_NAME)";
				PROVISIONING_PROFILE_SPECIFIER = "";
				SWIFT_VERSION = 5.0;
				TARGETED_DEVICE_FAMILY = "1,2";
			};
			name = Release;
		};
/* End XCBuildConfiguration section */

/* Begin XCConfigurationList section */
		C4FEA2C5229652CA00DAC0AD /* Build configuration list for PBXProject "AppTableViewLearn" */ = {
			isa = XCConfigurationList;
			buildConfigurations = (
				C4FEA2DA229652CC00DAC0AD /* Debug */,
				C4FEA2DB229652CC00DAC0AD /* Release */,
			);
			defaultConfigurationIsVisible = 0;
			defaultConfigurationName = Release;
		};
		C4FEA2DC229652CC00DAC0AD /* Build configuration list for PBXNativeTarget "AppTableViewLearn" */ = {
			isa = XCConfigurationList;
			buildConfigurations = (
				C4FEA2DD229652CC00DAC0AD /* Debug */,
				C4FEA2DE229652CC00DAC0AD /* Release */,
			);
			defaultConfigurationIsVisible = 0;
			defaultConfigurationName = Release;
		};
/* End XCConfigurationList section */
	};
	rootObject = C4FEA2C2229652CA00DAC0AD /* Project object */;
}
